// !$*UTF8*$!
{
	archiveVersion = 1;
	classes = {
	};
	objectVersion = 56;
	objects = {

/* Begin PBXBuildFile section */
		3BB2EF4A2910446A0074133D /* AppDelegate.swift in Sources */ = {isa = PBXBuildFile; fileRef = 3BB2EF492910446A0074133D /* AppDelegate.swift */; };
		3BB2EF4E2910446A0074133D /* MenuViewController.swift in Sources */ = {isa = PBXBuildFile; fileRef = 3BB2EF4D2910446A0074133D /* MenuViewController.swift */; };
		3BB2EF532910446B0074133D /* Assets.xcassets in Resources */ = {isa = PBXBuildFile; fileRef = 3BB2EF522910446B0074133D /* Assets.xcassets */; };
		3BB2EF562910446B0074133D /* LaunchScreen.storyboard in Resources */ = {isa = PBXBuildFile; fileRef = 3BB2EF542910446B0074133D /* LaunchScreen.storyboard */; };
		3BB2EF5F291047FF0074133D /* ChatViewController.swift in Sources */ = {isa = PBXBuildFile; fileRef = 3BB2EF5E291047FF0074133D /* ChatViewController.swift */; };
		3BB2EF61291048160074133D /* AnimationViewController.swift in Sources */ = {isa = PBXBuildFile; fileRef = 3BB2EF60291048160074133D /* AnimationViewController.swift */; };
		3BB2EF63291048590074133D /* LoginViewController.swift in Sources */ = {isa = PBXBuildFile; fileRef = 3BB2EF62291048590074133D /* LoginViewController.swift */; };
		3BB2EF682910489F0074133D /* ChatClient.swift in Sources */ = {isa = PBXBuildFile; fileRef = 3BB2EF662910489F0074133D /* ChatClient.swift */; };
		3BB2EF692910489F0074133D /* LoginClient.swift in Sources */ = {isa = PBXBuildFile; fileRef = 3BB2EF672910489F0074133D /* LoginClient.swift */; };
		3BB2EF6D291048E40074133D /* ChatTableViewCell.swift in Sources */ = {isa = PBXBuildFile; fileRef = 3BB2EF6C291048E40074133D /* ChatTableViewCell.swift */; };
		3BB2EF722910490C0074133D /* Message.swift in Sources */ = {isa = PBXBuildFile; fileRef = 3BB2EF712910490C0074133D /* Message.swift */; };
		3BB2EF75291062D90074133D /* MenuButtonView.swift in Sources */ = {isa = PBXBuildFile; fileRef = 3BB2EF74291062D90074133D /* MenuButtonView.swift */; };
		3BC0FE0F2910A3A9004FD395 /* TextFieldView.swift in Sources */ = {isa = PBXBuildFile; fileRef = 3BC0FE0E2910A3A9004FD395 /* TextFieldView.swift */; };
		3BC0FE122910B87A004FD395 /* Factories.swift in Sources */ = {isa = PBXBuildFile; fileRef = 3BC0FE112910B87A004FD395 /* Factories.swift */; };
		3BC0FE142910CA28004FD395 /* NetworkError.swift in Sources */ = {isa = PBXBuildFile; fileRef = 3BC0FE132910CA28004FD395 /* NetworkError.swift */; };
		3BC0FE172910E1BF004FD395 /* BubbleView.swift in Sources */ = {isa = PBXBuildFile; fileRef = 3BC0FE162910E1BF004FD395 /* BubbleView.swift */; };
		3BC0FE1A2910E821004FD395 /* SDWebImage in Frameworks */ = {isa = PBXBuildFile; productRef = 3BC0FE192910E821004FD395 /* SDWebImage */; };
		3BC0FE1C2910E821004FD395 /* SDWebImageMapKit in Frameworks */ = {isa = PBXBuildFile; productRef = 3BC0FE1B2910E821004FD395 /* SDWebImageMapKit */; };
		3BC58B9C291B16310094DA6E /* LoginResponse.swift in Sources */ = {isa = PBXBuildFile; fileRef = 3BC58B9B291B16310094DA6E /* LoginResponse.swift */; };
/* End PBXBuildFile section */

/* Begin PBXFileReference section */
		3BB2EF462910446A0074133D /* Rapptr iOS Test Challenge.app */ = {isa = PBXFileReference; explicitFileType = wrapper.application; includeInIndex = 0; path = "Rapptr iOS Test Challenge.app"; sourceTree = BUILT_PRODUCTS_DIR; };
		3BB2EF492910446A0074133D /* AppDelegate.swift */ = {isa = PBXFileReference; lastKnownFileType = sourcecode.swift; path = AppDelegate.swift; sourceTree = "<group>"; };
		3BB2EF4D2910446A0074133D /* MenuViewController.swift */ = {isa = PBXFileReference; lastKnownFileType = sourcecode.swift; path = MenuViewController.swift; sourceTree = "<group>"; };
		3BB2EF522910446B0074133D /* Assets.xcassets */ = {isa = PBXFileReference; lastKnownFileType = folder.assetcatalog; path = Assets.xcassets; sourceTree = "<group>"; };
		3BB2EF552910446B0074133D /* Base */ = {isa = PBXFileReference; lastKnownFileType = file.storyboard; name = Base; path = Base.lproj/LaunchScreen.storyboard; sourceTree = "<group>"; };
		3BB2EF572910446B0074133D /* Info.plist */ = {isa = PBXFileReference; lastKnownFileType = text.plist.xml; path = Info.plist; sourceTree = "<group>"; };
		3BB2EF5E291047FF0074133D /* ChatViewController.swift */ = {isa = PBXFileReference; lastKnownFileType = sourcecode.swift; path = ChatViewController.swift; sourceTree = "<group>"; };
		3BB2EF60291048160074133D /* AnimationViewController.swift */ = {isa = PBXFileReference; lastKnownFileType = sourcecode.swift; path = AnimationViewController.swift; sourceTree = "<group>"; };
		3BB2EF62291048590074133D /* LoginViewController.swift */ = {isa = PBXFileReference; lastKnownFileType = sourcecode.swift; path = LoginViewController.swift; sourceTree = "<group>"; };
		3BB2EF662910489F0074133D /* ChatClient.swift */ = {isa = PBXFileReference; fileEncoding = 4; lastKnownFileType = sourcecode.swift; path = ChatClient.swift; sourceTree = "<group>"; };
		3BB2EF672910489F0074133D /* LoginClient.swift */ = {isa = PBXFileReference; fileEncoding = 4; lastKnownFileType = sourcecode.swift; path = LoginClient.swift; sourceTree = "<group>"; };
		3BB2EF6C291048E40074133D /* ChatTableViewCell.swift */ = {isa = PBXFileReference; fileEncoding = 4; lastKnownFileType = sourcecode.swift; path = ChatTableViewCell.swift; sourceTree = "<group>"; };
		3BB2EF712910490C0074133D /* Message.swift */ = {isa = PBXFileReference; fileEncoding = 4; lastKnownFileType = sourcecode.swift; path = Message.swift; sourceTree = "<group>"; };
		3BB2EF74291062D90074133D /* MenuButtonView.swift */ = {isa = PBXFileReference; lastKnownFileType = sourcecode.swift; path = MenuButtonView.swift; sourceTree = "<group>"; };
		3BC0FE0E2910A3A9004FD395 /* TextFieldView.swift */ = {isa = PBXFileReference; lastKnownFileType = sourcecode.swift; path = TextFieldView.swift; sourceTree = "<group>"; };
		3BC0FE112910B87A004FD395 /* Factories.swift */ = {isa = PBXFileReference; lastKnownFileType = sourcecode.swift; path = Factories.swift; sourceTree = "<group>"; };
		3BC0FE132910CA28004FD395 /* NetworkError.swift */ = {isa = PBXFileReference; lastKnownFileType = sourcecode.swift; path = NetworkError.swift; sourceTree = "<group>"; };
		3BC0FE162910E1BF004FD395 /* BubbleView.swift */ = {isa = PBXFileReference; lastKnownFileType = sourcecode.swift; path = BubbleView.swift; sourceTree = "<group>"; };
		3BC58B9B291B16310094DA6E /* LoginResponse.swift */ = {isa = PBXFileReference; lastKnownFileType = sourcecode.swift; path = LoginResponse.swift; sourceTree = "<group>"; };
/* End PBXFileReference section */

/* Begin PBXFrameworksBuildPhase section */
		3BB2EF432910446A0074133D /* Frameworks */ = {
			isa = PBXFrameworksBuildPhase;
			buildActionMask = 2147483647;
			files = (
				3BC0FE1C2910E821004FD395 /* SDWebImageMapKit in Frameworks */,
				3BC0FE1A2910E821004FD395 /* SDWebImage in Frameworks */,
			);
			runOnlyForDeploymentPostprocessing = 0;
		};
/* End PBXFrameworksBuildPhase section */

/* Begin PBXGroup section */
		3BB2EF3D2910446A0074133D = {
			isa = PBXGroup;
			children = (
				3BB2EF482910446A0074133D /* Rapptr iOS Test Challenge */,
				3BB2EF472910446A0074133D /* Products */,
			);
			sourceTree = "<group>";
		};
		3BB2EF472910446A0074133D /* Products */ = {
			isa = PBXGroup;
			children = (
				3BB2EF462910446A0074133D /* Rapptr iOS Test Challenge.app */,
			);
			name = Products;
			sourceTree = "<group>";
		};
		3BB2EF482910446A0074133D /* Rapptr iOS Test Challenge */ = {
			isa = PBXGroup;
			children = (
				3BC0FE102910B85F004FD395 /* Extensions+Files */,
				3BB2EF6A291048C20074133D /* Views */,
				3BB2EF652910487D0074133D /* Clients */,
				3BB2EF70291049000074133D /* Models */,
				3BB2EF642910486E0074133D /* ViewControllers */,
				3BB2EF5D291045A30074133D /* Resources */,
			);
			path = "Rapptr iOS Test Challenge";
			sourceTree = "<group>";
		};
		3BB2EF5D291045A30074133D /* Resources */ = {
			isa = PBXGroup;
			children = (
				3BB2EF492910446A0074133D /* AppDelegate.swift */,
				3BB2EF522910446B0074133D /* Assets.xcassets */,
				3BB2EF542910446B0074133D /* LaunchScreen.storyboard */,
				3BB2EF572910446B0074133D /* Info.plist */,
			);
			name = Resources;
			sourceTree = "<group>";
		};
		3BB2EF642910486E0074133D /* ViewControllers */ = {
			isa = PBXGroup;
			children = (
				3BB2EF60291048160074133D /* AnimationViewController.swift */,
				3BB2EF62291048590074133D /* LoginViewController.swift */,
				3BB2EF4D2910446A0074133D /* MenuViewController.swift */,
				3BB2EF5E291047FF0074133D /* ChatViewController.swift */,
			);
			name = ViewControllers;
			sourceTree = "<group>";
		};
		3BB2EF652910487D0074133D /* Clients */ = {
			isa = PBXGroup;
			children = (
				3BB2EF662910489F0074133D /* ChatClient.swift */,
				3BB2EF672910489F0074133D /* LoginClient.swift */,
				3BC0FE132910CA28004FD395 /* NetworkError.swift */,
			);
			name = Clients;
			sourceTree = "<group>";
		};
		3BB2EF6A291048C20074133D /* Views */ = {
			isa = PBXGroup;
			children = (
				3BC0FE152910D893004FD395 /* BubleView */,
				3BC0FE0D2910A38E004FD395 /* TextFieldView */,
				3BB2EF73291061310074133D /* ButtonView */,
				3BB2EF6B291048D40074133D /* Cells */,
			);
			name = Views;
			sourceTree = "<group>";
		};
		3BB2EF6B291048D40074133D /* Cells */ = {
			isa = PBXGroup;
			children = (
				3BB2EF6C291048E40074133D /* ChatTableViewCell.swift */,
			);
			name = Cells;
			sourceTree = "<group>";
		};
		3BB2EF70291049000074133D /* Models */ = {
			isa = PBXGroup;
			children = (
				3BB2EF712910490C0074133D /* Message.swift */,
				3BC58B9B291B16310094DA6E /* LoginResponse.swift */,
			);
			name = Models;
			sourceTree = "<group>";
		};
		3BB2EF73291061310074133D /* ButtonView */ = {
			isa = PBXGroup;
			children = (
				3BB2EF74291062D90074133D /* MenuButtonView.swift */,
			);
			name = ButtonView;
			sourceTree = "<group>";
		};
		3BC0FE0D2910A38E004FD395 /* TextFieldView */ = {
			isa = PBXGroup;
			children = (
				3BC0FE0E2910A3A9004FD395 /* TextFieldView.swift */,
			);
			name = TextFieldView;
			sourceTree = "<group>";
		};
		3BC0FE102910B85F004FD395 /* Extensions+Files */ = {
			isa = PBXGroup;
			children = (
				3BC0FE112910B87A004FD395 /* Factories.swift */,
			);
			name = "Extensions+Files";
			sourceTree = "<group>";
		};
		3BC0FE152910D893004FD395 /* BubleView */ = {
			isa = PBXGroup;
			children = (
				3BC0FE162910E1BF004FD395 /* BubbleView.swift */,
			);
			name = BubleView;
			sourceTree = "<group>";
		};
/* End PBXGroup section */

/* Begin PBXNativeTarget section */
		3BB2EF452910446A0074133D /* Rapptr iOS Test Challenge */ = {
			isa = PBXNativeTarget;
			buildConfigurationList = 3BB2EF5A2910446B0074133D /* Build configuration list for PBXNativeTarget "Rapptr iOS Test Challenge" */;
			buildPhases = (
				3BB2EF422910446A0074133D /* Sources */,
				3BB2EF432910446A0074133D /* Frameworks */,
				3BB2EF442910446A0074133D /* Resources */,
			);
			buildRules = (
			);
			dependencies = (
			);
			name = "Rapptr iOS Test Challenge";
			packageProductDependencies = (
				3BC0FE192910E821004FD395 /* SDWebImage */,
				3BC0FE1B2910E821004FD395 /* SDWebImageMapKit */,
			);
			productName = "Rapptr iOS Test Challenge";
			productReference = 3BB2EF462910446A0074133D /* Rapptr iOS Test Challenge.app */;
			productType = "com.apple.product-type.application";
		};
/* End PBXNativeTarget section */

/* Begin PBXProject section */
		3BB2EF3E2910446A0074133D /* Project object */ = {
			isa = PBXProject;
			attributes = {
				BuildIndependentTargetsInParallel = 1;
				LastSwiftUpdateCheck = 1400;
				LastUpgradeCheck = 1400;
				TargetAttributes = {
					3BB2EF452910446A0074133D = {
						CreatedOnToolsVersion = 14.0.1;
					};
				};
			};
			buildConfigurationList = 3BB2EF412910446A0074133D /* Build configuration list for PBXProject "Rapptr iOS Test Challenge" */;
			compatibilityVersion = "Xcode 14.0";
			developmentRegion = en;
			hasScannedForEncodings = 0;
			knownRegions = (
				en,
				Base,
			);
			mainGroup = 3BB2EF3D2910446A0074133D;
			packageReferences = (
				3BC0FE182910E821004FD395 /* XCRemoteSwiftPackageReference "SDWebImage" */,
			);
			productRefGroup = 3BB2EF472910446A0074133D /* Products */;
			projectDirPath = "";
			projectRoot = "";
			targets = (
				3BB2EF452910446A0074133D /* Rapptr iOS Test Challenge */,
			);
		};
/* End PBXProject section */

/* Begin PBXResourcesBuildPhase section */
		3BB2EF442910446A0074133D /* Resources */ = {
			isa = PBXResourcesBuildPhase;
			buildActionMask = 2147483647;
			files = (
				3BB2EF562910446B0074133D /* LaunchScreen.storyboard in Resources */,
				3BB2EF532910446B0074133D /* Assets.xcassets in Resources */,
			);
			runOnlyForDeploymentPostprocessing = 0;
		};
/* End PBXResourcesBuildPhase section */

/* Begin PBXSourcesBuildPhase section */
		3BB2EF422910446A0074133D /* Sources */ = {
			isa = PBXSourcesBuildPhase;
			buildActionMask = 2147483647;
			files = (
				3BB2EF682910489F0074133D /* ChatClient.swift in Sources */,
				3BC0FE172910E1BF004FD395 /* BubbleView.swift in Sources */,
				3BB2EF4E2910446A0074133D /* MenuViewController.swift in Sources */,
				3BB2EF75291062D90074133D /* MenuButtonView.swift in Sources */,
				3BC0FE0F2910A3A9004FD395 /* TextFieldView.swift in Sources */,
				3BB2EF5F291047FF0074133D /* ChatViewController.swift in Sources */,
				3BB2EF722910490C0074133D /* Message.swift in Sources */,
				3BC0FE122910B87A004FD395 /* Factories.swift in Sources */,
				3BB2EF4A2910446A0074133D /* AppDelegate.swift in Sources */,
				3BB2EF692910489F0074133D /* LoginClient.swift in Sources */,
				3BB2EF6D291048E40074133D /* ChatTableViewCell.swift in Sources */,
				3BC0FE142910CA28004FD395 /* NetworkError.swift in Sources */,
				3BB2EF63291048590074133D /* LoginViewController.swift in Sources */,
				3BB2EF61291048160074133D /* AnimationViewController.swift in Sources */,
				3BC58B9C291B16310094DA6E /* LoginResponse.swift in Sources */,
			);
			runOnlyForDeploymentPostprocessing = 0;
		};
/* End PBXSourcesBuildPhase section */

/* Begin PBXVariantGroup section */
		3BB2EF542910446B0074133D /* LaunchScreen.storyboard */ = {
			isa = PBXVariantGroup;
			children = (
				3BB2EF552910446B0074133D /* Base */,
			);
			name = LaunchScreen.storyboard;
			sourceTree = "<group>";
		};
/* End PBXVariantGroup section */

/* Begin XCBuildConfiguration section */
		3BB2EF582910446B0074133D /* Debug */ = {
			isa = XCBuildConfiguration;
			buildSettings = {
				ALWAYS_SEARCH_USER_PATHS = NO;
				CLANG_ANALYZER_NONNULL = YES;
				CLANG_ANALYZER_NUMBER_OBJECT_CONVERSION = YES_AGGRESSIVE;
				CLANG_CXX_LANGUAGE_STANDARD = "gnu++20";
				CLANG_ENABLE_MODULES = YES;
				CLANG_ENABLE_OBJC_ARC = YES;
				CLANG_ENABLE_OBJC_WEAK = YES;
				CLANG_WARN_BLOCK_CAPTURE_AUTORELEASING = YES;
				CLANG_WARN_BOOL_CONVERSION = YES;
				CLANG_WARN_COMMA = YES;
				CLANG_WARN_CONSTANT_CONVERSION = YES;
				CLANG_WARN_DEPRECATED_OBJC_IMPLEMENTATIONS = YES;
				CLANG_WARN_DIRECT_OBJC_ISA_USAGE = YES_ERROR;
				CLANG_WARN_DOCUMENTATION_COMMENTS = YES;
				CLANG_WARN_EMPTY_BODY = YES;
				CLANG_WARN_ENUM_CONVERSION = YES;
				CLANG_WARN_INFINITE_RECURSION = YES;
				CLANG_WARN_INT_CONVERSION = YES;
				CLANG_WARN_NON_LITERAL_NULL_CONVERSION = YES;
				CLANG_WARN_OBJC_IMPLICIT_RETAIN_SELF = YES;
				CLANG_WARN_OBJC_LITERAL_CONVERSION = YES;
				CLANG_WARN_OBJC_ROOT_CLASS = YES_ERROR;
				CLANG_WARN_QUOTED_INCLUDE_IN_FRAMEWORK_HEADER = YES;
				CLANG_WARN_RANGE_LOOP_ANALYSIS = YES;
				CLANG_WARN_STRICT_PROTOTYPES = YES;
				CLANG_WARN_SUSPICIOUS_MOVE = YES;
				CLANG_WARN_UNGUARDED_AVAILABILITY = YES_AGGRESSIVE;
				CLANG_WARN_UNREACHABLE_CODE = YES;
				CLANG_WARN__DUPLICATE_METHOD_MATCH = YES;
				COPY_PHASE_STRIP = NO;
				DEBUG_INFORMATION_FORMAT = dwarf;
				ENABLE_STRICT_OBJC_MSGSEND = YES;
				ENABLE_TESTABILITY = YES;
				GCC_C_LANGUAGE_STANDARD = gnu11;
				GCC_DYNAMIC_NO_PIC = NO;
				GCC_NO_COMMON_BLOCKS = YES;
				GCC_OPTIMIZATION_LEVEL = 0;
				GCC_PREPROCESSOR_DEFINITIONS = (
					"DEBUG=1",
					"$(inherited)",
				);
				GCC_WARN_64_TO_32_BIT_CONVERSION = YES;
				GCC_WARN_ABOUT_RETURN_TYPE = YES_ERROR;
				GCC_WARN_UNDECLARED_SELECTOR = YES;
				GCC_WARN_UNINITIALIZED_AUTOS = YES_AGGRESSIVE;
				GCC_WARN_UNUSED_FUNCTION = YES;
				GCC_WARN_UNUSED_VARIABLE = YES;
				IPHONEOS_DEPLOYMENT_TARGET = 16.0;
				MTL_ENABLE_DEBUG_INFO = INCLUDE_SOURCE;
				MTL_FAST_MATH = YES;
				ONLY_ACTIVE_ARCH = YES;
				SDKROOT = iphoneos;
				SWIFT_ACTIVE_COMPILATION_CONDITIONS = DEBUG;
				SWIFT_OPTIMIZATION_LEVEL = "-Onone";
			};
			name = Debug;
		};
		3BB2EF592910446B0074133D /* Release */ = {
			isa = XCBuildConfiguration;
			buildSettings = {
				ALWAYS_SEARCH_USER_PATHS = NO;
				CLANG_ANALYZER_NONNULL = YES;
				CLANG_ANALYZER_NUMBER_OBJECT_CONVERSION = YES_AGGRESSIVE;
				CLANG_CXX_LANGUAGE_STANDARD = "gnu++20";
				CLANG_ENABLE_MODULES = YES;
				CLANG_ENABLE_OBJC_ARC = YES;
				CLANG_ENABLE_OBJC_WEAK = YES;
				CLANG_WARN_BLOCK_CAPTURE_AUTORELEASING = YES;
				CLANG_WARN_BOOL_CONVERSION = YES;
				CLANG_WARN_COMMA = YES;
				CLANG_WARN_CONSTANT_CONVERSION = YES;
				CLANG_WARN_DEPRECATED_OBJC_IMPLEMENTATIONS = YES;
				CLANG_WARN_DIRECT_OBJC_ISA_USAGE = YES_ERROR;
				CLANG_WARN_DOCUMENTATION_COMMENTS = YES;
				CLANG_WARN_EMPTY_BODY = YES;
				CLANG_WARN_ENUM_CONVERSION = YES;
				CLANG_WARN_INFINITE_RECURSION = YES;
				CLANG_WARN_INT_CONVERSION = YES;
				CLANG_WARN_NON_LITERAL_NULL_CONVERSION = YES;
				CLANG_WARN_OBJC_IMPLICIT_RETAIN_SELF = YES;
				CLANG_WARN_OBJC_LITERAL_CONVERSION = YES;
				CLANG_WARN_OBJC_ROOT_CLASS = YES_ERROR;
				CLANG_WARN_QUOTED_INCLUDE_IN_FRAMEWORK_HEADER = YES;
				CLANG_WARN_RANGE_LOOP_ANALYSIS = YES;
				CLANG_WARN_STRICT_PROTOTYPES = YES;
				CLANG_WARN_SUSPICIOUS_MOVE = YES;
				CLANG_WARN_UNGUARDED_AVAILABILITY = YES_AGGRESSIVE;
				CLANG_WARN_UNREACHABLE_CODE = YES;
				CLANG_WARN__DUPLICATE_METHOD_MATCH = YES;
				COPY_PHASE_STRIP = NO;
				DEBUG_INFORMATION_FORMAT = "dwarf-with-dsym";
				ENABLE_NS_ASSERTIONS = NO;
				ENABLE_STRICT_OBJC_MSGSEND = YES;
				GCC_C_LANGUAGE_STANDARD = gnu11;
				GCC_NO_COMMON_BLOCKS = YES;
				GCC_WARN_64_TO_32_BIT_CONVERSION = YES;
				GCC_WARN_ABOUT_RETURN_TYPE = YES_ERROR;
				GCC_WARN_UNDECLARED_SELECTOR = YES;
				GCC_WARN_UNINITIALIZED_AUTOS = YES_AGGRESSIVE;
				GCC_WARN_UNUSED_FUNCTION = YES;
				GCC_WARN_UNUSED_VARIABLE = YES;
				IPHONEOS_DEPLOYMENT_TARGET = 16.0;
				MTL_ENABLE_DEBUG_INFO = NO;
				MTL_FAST_MATH = YES;
				SDKROOT = iphoneos;
				SWIFT_COMPILATION_MODE = wholemodule;
				SWIFT_OPTIMIZATION_LEVEL = "-O";
				VALIDATE_PRODUCT = YES;
			};
			name = Release;
		};
		3BB2EF5B2910446B0074133D /* Debug */ = {
			isa = XCBuildConfiguration;
			buildSettings = {
				ASSETCATALOG_COMPILER_APPICON_NAME = AppIcon;
				ASSETCATALOG_COMPILER_GLOBAL_ACCENT_COLOR_NAME = AccentColor;
				CODE_SIGN_STYLE = Automatic;
				CURRENT_PROJECT_VERSION = 1;
				DEVELOPMENT_TEAM = G3VP62JDQQ;
				GENERATE_INFOPLIST_FILE = YES;
				INFOPLIST_FILE = "Rapptr iOS Test Challenge/Info.plist";
				INFOPLIST_KEY_UIApplicationSupportsIndirectInputEvents = YES;
				INFOPLIST_KEY_UILaunchStoryboardName = LaunchScreen;
				INFOPLIST_KEY_UISupportedInterfaceOrientations_iPad = "UIInterfaceOrientationPortrait UIInterfaceOrientationPortraitUpsideDown UIInterfaceOrientationLandscapeLeft UIInterfaceOrientationLandscapeRight";
				INFOPLIST_KEY_UISupportedInterfaceOrientations_iPhone = "UIInterfaceOrientationPortrait UIInterfaceOrientationLandscapeLeft UIInterfaceOrientationLandscapeRight";
				INFOPLIST_KEY_UIUserInterfaceStyle = Dark;
				LD_RUNPATH_SEARCH_PATHS = (
					"$(inherited)",
					"@executable_path/Frameworks",
				);
				MARKETING_VERSION = 1.0;
				PRODUCT_BUNDLE_IDENTIFIER = "dmitriikim.Rapptr-iOS-Test-Challenge";
				PRODUCT_NAME = "$(TARGET_NAME)";
				SWIFT_EMIT_LOC_STRINGS = YES;
				SWIFT_VERSION = 5.0;
				TARGETED_DEVICE_FAMILY = "1,2";
			};
			name = Debug;
		};
		3BB2EF5C2910446B0074133D /* Release */ = {
			isa = XCBuildConfiguration;
			buildSettings = {
				ASSETCATALOG_COMPILER_APPICON_NAME = AppIcon;
				ASSETCATALOG_COMPILER_GLOBAL_ACCENT_COLOR_NAME = AccentColor;
				CODE_SIGN_STYLE = Automatic;
				CURRENT_PROJECT_VERSION = 1;
				DEVELOPMENT_TEAM = G3VP62JDQQ;
				GENERATE_INFOPLIST_FILE = YES;
				INFOPLIST_FILE = "Rapptr iOS Test Challenge/Info.plist";
				INFOPLIST_KEY_UIApplicationSupportsIndirectInputEvents = YES;
				INFOPLIST_KEY_UILaunchStoryboardName = LaunchScreen;
				INFOPLIST_KEY_UISupportedInterfaceOrientations_iPad = "UIInterfaceOrientationPortrait UIInterfaceOrientationPortraitUpsideDown UIInterfaceOrientationLandscapeLeft UIInterfaceOrientationLandscapeRight";
				INFOPLIST_KEY_UISupportedInterfaceOrientations_iPhone = "UIInterfaceOrientationPortrait UIInterfaceOrientationLandscapeLeft UIInterfaceOrientationLandscapeRight";
				INFOPLIST_KEY_UIUserInterfaceStyle = Dark;
				LD_RUNPATH_SEARCH_PATHS = (
					"$(inherited)",
					"@executable_path/Frameworks",
				);
				MARKETING_VERSION = 1.0;
				PRODUCT_BUNDLE_IDENTIFIER = "dmitriikim.Rapptr-iOS-Test-Challenge";
				PRODUCT_NAME = "$(TARGET_NAME)";
				SWIFT_EMIT_LOC_STRINGS = YES;
				SWIFT_VERSION = 5.0;
				TARGETED_DEVICE_FAMILY = "1,2";
			};
			name = Release;
		};
/* End XCBuildConfiguration section */

/* Begin XCConfigurationList section */
		3BB2EF412910446A0074133D /* Build configuration list for PBXProject "Rapptr iOS Test Challenge" */ = {
			isa = XCConfigurationList;
			buildConfigurations = (
				3BB2EF582910446B0074133D /* Debug */,
				3BB2EF592910446B0074133D /* Release */,
			);
			defaultConfigurationIsVisible = 0;
			defaultConfigurationName = Release;
		};
		3BB2EF5A2910446B0074133D /* Build configuration list for PBXNativeTarget "Rapptr iOS Test Challenge" */ = {
			isa = XCConfigurationList;
			buildConfigurations = (
				3BB2EF5B2910446B0074133D /* Debug */,
				3BB2EF5C2910446B0074133D /* Release */,
			);
			defaultConfigurationIsVisible = 0;
			defaultConfigurationName = Release;
		};
/* End XCConfigurationList section */

/* Begin XCRemoteSwiftPackageReference section */
		3BC0FE182910E821004FD395 /* XCRemoteSwiftPackageReference "SDWebImage" */ = {
			isa = XCRemoteSwiftPackageReference;
			repositoryURL = "https://github.com/SDWebImage/SDWebImage";
			requirement = {
				kind = upToNextMajorVersion;
				minimumVersion = 5.0.0;
			};
		};
/* End XCRemoteSwiftPackageReference section */

/* Begin XCSwiftPackageProductDependency section */
		3BC0FE192910E821004FD395 /* SDWebImage */ = {
			isa = XCSwiftPackageProductDependency;
			package = 3BC0FE182910E821004FD395 /* XCRemoteSwiftPackageReference "SDWebImage" */;
			productName = SDWebImage;
		};
		3BC0FE1B2910E821004FD395 /* SDWebImageMapKit */ = {
			isa = XCSwiftPackageProductDependency;
			package = 3BC0FE182910E821004FD395 /* XCRemoteSwiftPackageReference "SDWebImage" */;
			productName = SDWebImageMapKit;
		};
/* End XCSwiftPackageProductDependency section */
	};
	rootObject = 3BB2EF3E2910446A0074133D /* Project object */;
}
